
Microsoft Visual Studio Solution File, Format Version 12.00
# Visual Studio Version 17
VisualStudioVersion = 17.0.31903.59
MinimumVisualStudioVersion = 10.0.40219.1
Project("{FAE04EC0-301F-11D3-BF4B-00C04F79EFBC}") = "Tests", "Tests\Tests.csproj", "{FD6EAF16-8EEF-466B-9B37-A043014BF911}"
EndProject
Project("{2150E333-8FDC-42A3-9474-1A3956D46DE8}") = "Core", "Core", "{9DA6C79E-53E6-423C-9B05-793D72DCF176}"
EndProject
Project("{FAE04EC0-301F-11D3-BF4B-00C04F79EFBC}") = "Todo.Domain", "Core\Todo.Domain\Todo.Domain.csproj", "{6BC001FD-A257-44B4-8575-AAADE60338ED}"
EndProject
Project("{2150E333-8FDC-42A3-9474-1A3956D46DE8}") = "Infrastructure", "Infrastructure", "{95A8C33D-6B9B-4B53-96F3-6A38EF65FD07}"
EndProject
Project("{FAE04EC0-301F-11D3-BF4B-00C04F79EFBC}") = "Infrastructure", "Infrastructure\Infrastructure\Infrastructure.csproj", "{67C63F68-0DCD-44FD-9F78-29D75A9AA8A9}"
EndProject
Project("{FAE04EC0-301F-11D3-BF4B-00C04F79EFBC}") = "Persistence", "Infrastructure\Persistence\Persistence.csproj", "{8F90CBA8-61F3-4B9B-8528-73AFD553703F}"
EndProject
Project("{2150E333-8FDC-42A3-9474-1A3956D46DE8}") = "Presentation", "Presentation", "{E5F9AE51-B34E-4A1F-BF16-E64687B3E8C4}"
EndProject
Project("{FAE04EC0-301F-11D3-BF4B-00C04F79EFBC}") = "API", "Presentation\API\API.csproj", "{5661F066-44E8-4FCB-B1BE-68EDE00C79E3}"
EndProject
Project("{FAE04EC0-301F-11D3-BF4B-00C04F79EFBC}") = "Todo.Application", "Core\Todo.Application\Todo.Application.csproj", "{68D214F3-E396-4098-9D50-7CD84D7F688A}"
EndProject
Global
	GlobalSection(SolutionConfigurationPlatforms) = preSolution
		Debug|Any CPU = Debug|Any CPU
		Release|Any CPU = Release|Any CPU
	EndGlobalSection
	GlobalSection(SolutionProperties) = preSolution
		HideSolutionNode = FALSE
	EndGlobalSection
	GlobalSection(ProjectConfigurationPlatforms) = postSolution
		{FD6EAF16-8EEF-466B-9B37-A043014BF911}.Debug|Any CPU.ActiveCfg = Debug|Any CPU
		{FD6EAF16-8EEF-466B-9B37-A043014BF911}.Debug|Any CPU.Build.0 = Debug|Any CPU
		{FD6EAF16-8EEF-466B-9B37-A043014BF911}.Release|Any CPU.ActiveCfg = Release|Any CPU
		{FD6EAF16-8EEF-466B-9B37-A043014BF911}.Release|Any CPU.Build.0 = Release|Any CPU
		{6BC001FD-A257-44B4-8575-AAADE60338ED}.Debug|Any CPU.ActiveCfg = Debug|Any CPU
		{6BC001FD-A257-44B4-8575-AAADE60338ED}.Debug|Any CPU.Build.0 = Debug|Any CPU
		{6BC001FD-A257-44B4-8575-AAADE60338ED}.Release|Any CPU.ActiveCfg = Release|Any CPU
		{6BC001FD-A257-44B4-8575-AAADE60338ED}.Release|Any CPU.Build.0 = Release|Any CPU
		{67C63F68-0DCD-44FD-9F78-29D75A9AA8A9}.Debug|Any CPU.ActiveCfg = Debug|Any CPU
		{67C63F68-0DCD-44FD-9F78-29D75A9AA8A9}.Debug|Any CPU.Build.0 = Debug|Any CPU
		{67C63F68-0DCD-44FD-9F78-29D75A9AA8A9}.Release|Any CPU.ActiveCfg = Release|Any CPU
		{67C63F68-0DCD-44FD-9F78-29D75A9AA8A9}.Release|Any CPU.Build.0 = Release|Any CPU
		{8F90CBA8-61F3-4B9B-8528-73AFD553703F}.Debug|Any CPU.ActiveCfg = Debug|Any CPU
		{8F90CBA8-61F3-4B9B-8528-73AFD553703F}.Debug|Any CPU.Build.0 = Debug|Any CPU
		{8F90CBA8-61F3-4B9B-8528-73AFD553703F}.Release|Any CPU.ActiveCfg = Release|Any CPU
		{8F90CBA8-61F3-4B9B-8528-73AFD553703F}.Release|Any CPU.Build.0 = Release|Any CPU
		{5661F066-44E8-4FCB-B1BE-68EDE00C79E3}.Debug|Any CPU.ActiveCfg = Debug|Any CPU
		{5661F066-44E8-4FCB-B1BE-68EDE00C79E3}.Debug|Any CPU.Build.0 = Debug|Any CPU
		{5661F066-44E8-4FCB-B1BE-68EDE00C79E3}.Release|Any CPU.ActiveCfg = Release|Any CPU
		{5661F066-44E8-4FCB-B1BE-68EDE00C79E3}.Release|Any CPU.Build.0 = Release|Any CPU
		{68D214F3-E396-4098-9D50-7CD84D7F688A}.Debug|Any CPU.ActiveCfg = Debug|Any CPU
		{68D214F3-E396-4098-9D50-7CD84D7F688A}.Debug|Any CPU.Build.0 = Debug|Any CPU
		{68D214F3-E396-4098-9D50-7CD84D7F688A}.Release|Any CPU.ActiveCfg = Release|Any CPU
		{68D214F3-E396-4098-9D50-7CD84D7F688A}.Release|Any CPU.Build.0 = Release|Any CPU
	EndGlobalSection
	GlobalSection(NestedProjects) = preSolution
		{6BC001FD-A257-44B4-8575-AAADE60338ED} = {9DA6C79E-53E6-423C-9B05-793D72DCF176}
		{67C63F68-0DCD-44FD-9F78-29D75A9AA8A9} = {95A8C33D-6B9B-4B53-96F3-6A38EF65FD07}
		{8F90CBA8-61F3-4B9B-8528-73AFD553703F} = {95A8C33D-6B9B-4B53-96F3-6A38EF65FD07}
		{5661F066-44E8-4FCB-B1BE-68EDE00C79E3} = {E5F9AE51-B34E-4A1F-BF16-E64687B3E8C4}
		{68D214F3-E396-4098-9D50-7CD84D7F688A} = {9DA6C79E-53E6-423C-9B05-793D72DCF176}
	EndGlobalSection
EndGlobal
